PODS:
  - DarkMagic (0.0.2)
  - DynamicColor (4.0.3)
  - Swiftest (0.0.2)
  - UIKitExtensions (0.0.4):
    - Swiftest
  - UIKitMixinable (0.0.2)

DEPENDENCIES:
  - DarkMagic (from `https://github.com/Appsaurus/DarkMagic`)
  - DynamicColor
  - Swiftest (from `https://github.com/Appsaurus/Swiftest`)
  - UIKitExtensions (from `https://github.com/Appsaurus/UIKitExtensions`)
  - UIKitMixinable (from `https://github.com/Appsaurus/UIKitMixinable`)

SPEC REPOS:
  https://github.com/cocoapods/specs.git:
    - DynamicColor

EXTERNAL SOURCES:
  DarkMagic:
    :git: https://github.com/Appsaurus/DarkMagic
  Swiftest:
    :git: https://github.com/Appsaurus/Swiftest
  UIKitExtensions:
    :git: https://github.com/Appsaurus/UIKitExtensions
  UIKitMixinable:
    :git: https://github.com/Appsaurus/UIKitMixinable

CHECKOUT OPTIONS:
  DarkMagic:
    :commit: 6803dbc0fe9679872667a1253cdd6afb433d2375
    :git: https://github.com/Appsaurus/DarkMagic
  Swiftest:
    :commit: cd7ba87eda65d91b4e9a65be791517677149972a
    :git: https://github.com/Appsaurus/Swiftest
  UIKitExtensions:
    :commit: e66a86e6546cb6af0e36b3aec0ea8299996bb670
    :git: https://github.com/Appsaurus/UIKitExtensions
  UIKitMixinable:
    :commit: dd0dcbad33e409c1d8af4f1241fa9c4880686da5
    :git: https://github.com/Appsaurus/UIKitMixinable

SPEC CHECKSUMS:
  DarkMagic: b71093ea6606dd5737eca437e63aa8a30db213b5
  DynamicColor: bf19b33fe404c59a68e64af95cc6b017346e7e75
  Swiftest: d63bb5f7427ebfd10753609d834219db97b63441
  UIKitExtensions: 8d4bac3f1cd1a0dea193e6d78cf54f57b530ae87
  UIKitMixinable: fff6c8bc2560dd8365225a6adbb5f28df089813a

PODFILE CHECKSUM: 335383d22c041edf7206260004ad55578302d970

COCOAPODS: 1.5.3
