PODS:
  - DarkMagic (0.0.4)
  - DynamicColor (4.2.0)
  - Swiftest (0.0.40)
  - SwiftLint (0.40.3)
  - UIKitExtensions (0.0.35):
    - DarkMagic
    - Swiftest
  - UIKitMixinable (0.1.0)

DEPENDENCIES:
  - DarkMagic (from `https://github.com/Appsaurus/DarkMagic`)
  - DynamicColor
  - Swiftest (from `https://github.com/Appsaurus/Swiftest`)
  - SwiftLint
  - UIKitExtensions (from `https://github.com/Appsaurus/UIKitExtensions`)
  - UIKitMixinable (from `https://github.com/Appsaurus/UIKitMixinable`)

SPEC REPOS:
  trunk:
    - DynamicColor
    - SwiftLint

EXTERNAL SOURCES:
  DarkMagic:
    :git: https://github.com/Appsaurus/DarkMagic
  Swiftest:
    :git: https://github.com/Appsaurus/Swiftest
  UIKitExtensions:
    :git: https://github.com/Appsaurus/UIKitExtensions
  UIKitMixinable:
    :git: https://github.com/Appsaurus/UIKitMixinable

CHECKOUT OPTIONS:
  DarkMagic:
    :commit: b6e5a19acc048e21d9caa18a95915137f99beb74
    :git: https://github.com/Appsaurus/DarkMagic
  Swiftest:
    :commit: 0294b9943b7732efb5bda6d112858db8b5a04ff0
    :git: https://github.com/Appsaurus/Swiftest
  UIKitExtensions:
    :commit: f0f5d2f395e411485968e3e459182333c24054af
    :git: https://github.com/Appsaurus/UIKitExtensions
  UIKitMixinable:
    :commit: 48afc3989a857e476c66839323e58c73064c75bd
    :git: https://github.com/Appsaurus/UIKitMixinable

SPEC CHECKSUMS:
  DarkMagic: 2bc17557251fb322573c365be1d3c17e0acaf5fc
  DynamicColor: c475f66bda1cabf602f2c54ac1171c0c07148a5a
  Swiftest: fa33781ee5e1b24bd3f87c262dda1e68bac92325
  SwiftLint: dfd554ff0dff17288ee574814ccdd5cea85d76f7
  UIKitExtensions: f537810861e3fb57a1970dbe504b10128abe50ec
  UIKitMixinable: bbe0d8c368dc1ac8c334f3f6a0ac2032c201bb2e

PODFILE CHECKSUM: 835b9d10b7be9e50231b87e4dfe32737728d46b0

COCOAPODS: 1.8.4
