PODS:
  - Actions (3.0.1)
  - Algorithm (2.1.1)
  - AssistantKit (0.6.1)
  - CRuntime (2.0.1)
  - DarkMagic (0.0.4)
  - DynamicColor (4.0.3)
  - Layman (0.1.20):
    - Layman/Core (= 0.1.20)
    - Layman/Operators (= 0.1.20)
    - Layman/Shorthand (= 0.1.20)
  - Layman/Core (0.1.20)
  - Layman/Operators (0.1.20)
  - Layman/Shorthand (0.1.20)
  - Nuke (7.6.2)
  - Runtime (2.0.0):
    - CRuntime
  - RuntimeExtensions (0.1.3):
    - Runtime
  - Swiftest (0.0.18)
  - UIFontIcons (0.0.6):
    - UIFontIcons/Core (= 0.0.6)
  - UIFontIcons/Core (0.0.6)
  - UIFontIcons/Feather (0.0.6):
    - UIFontIcons/Core
  - UIFontIcons/MaterialIcons (0.0.6):
    - UIFontIcons/Core
  - UIFontLoader (0.0.3)
  - UIKitBase (0.0.43):
    - UIKitBase/Core (= 0.0.43)
  - UIKitBase/Core (0.0.43):
    - Actions
    - Algorithm
    - AssistantKit
    - DarkMagic
    - Layman
    - Nuke
    - Swiftest
    - UIFontIcons
    - UIKitExtensions
    - UIKitMixinable
    - UIKitTheme
  - UIKitExtensions (0.0.20):
    - DarkMagic
    - Swiftest
  - UIKitMixinable (0.0.24)
  - UIKitTheme (0.0.10):
    - DarkMagic
    - DynamicColor
    - Swiftest
    - UIKitExtensions
    - UIKitMixinable

DEPENDENCIES:
  - Actions
  - DarkMagic (from `https://github.com/Appsaurus/DarkMagic`)
  - Layman (from `https://github.com/Appsaurus/Layman`)
  - Nuke
  - RuntimeExtensions (from `https://github.com/Appsaurus/RuntimeExtensions`)
  - Swiftest (from `https://github.com/Appsaurus/Swiftest`)
  - UIFontIcons/Feather (from `https://github.com/Appsaurus/UIFontIcons`)
  - UIFontIcons/MaterialIcons (from `https://github.com/Appsaurus/UIFontIcons`)
  - UIFontLoader (from `https://github.com/Appsaurus/UIFontLoader`)
  - UIKitBase (from `https://github.com/Appsaurus/UIKitBase`)
  - UIKitExtensions (from `https://github.com/Appsaurus/UIKitExtensions`)
  - UIKitMixinable (from `https://github.com/Appsaurus/UIKitMixinable`)
  - UIKitTheme (from `../../`)

SPEC REPOS:
  https://github.com/cocoapods/specs.git:
    - Actions
    - Algorithm
    - AssistantKit
    - CRuntime
    - DynamicColor
    - Nuke
    - Runtime

EXTERNAL SOURCES:
  DarkMagic:
    :git: https://github.com/Appsaurus/DarkMagic
  Layman:
    :git: https://github.com/Appsaurus/Layman
  RuntimeExtensions:
    :git: https://github.com/Appsaurus/RuntimeExtensions
  Swiftest:
    :git: https://github.com/Appsaurus/Swiftest
  UIFontIcons:
    :git: https://github.com/Appsaurus/UIFontIcons
  UIFontLoader:
    :git: https://github.com/Appsaurus/UIFontLoader
  UIKitBase:
    :git: https://github.com/Appsaurus/UIKitBase
  UIKitExtensions:
    :git: https://github.com/Appsaurus/UIKitExtensions
  UIKitMixinable:
    :git: https://github.com/Appsaurus/UIKitMixinable
  UIKitTheme:
    :path: "../../"

CHECKOUT OPTIONS:
  DarkMagic:
    :commit: b6e5a19acc048e21d9caa18a95915137f99beb74
    :git: https://github.com/Appsaurus/DarkMagic
  Layman:
    :commit: d9957455098cc47bd6a1fa87094b3ca1dec46e62
    :git: https://github.com/Appsaurus/Layman
  RuntimeExtensions:
    :commit: 5a95171da8ec26a0e5e4531f4d09e1e44616aac5
    :git: https://github.com/Appsaurus/RuntimeExtensions
  Swiftest:
    :commit: 48d78074e32b2d95ae097e1e0ffe96ec6ce66c67
    :git: https://github.com/Appsaurus/Swiftest
  UIFontIcons:
    :commit: c886860737756bd733561febd8767d1cd0ea5382
    :git: https://github.com/Appsaurus/UIFontIcons
  UIFontLoader:
    :commit: ee7c29b18ce3d39a4f683a1475831579d32b5dce
    :git: https://github.com/Appsaurus/UIFontLoader
  UIKitBase:
    :commit: 905ef9829502dff35bb6ed9520681fbda2fcdec6
    :git: https://github.com/Appsaurus/UIKitBase
  UIKitExtensions:
    :commit: 1371b88d99a1328de4cd34c76a8283c1373fe26d
    :git: https://github.com/Appsaurus/UIKitExtensions
  UIKitMixinable:
    :commit: 440555a53fcb0ef92fe192775b38df7400d77f1d
    :git: https://github.com/Appsaurus/UIKitMixinable

SPEC CHECKSUMS:
  Actions: 696288b71e88903a69ec8d04123df05ad16125dc
  Algorithm: 0fe78be3f31f85e857089685477862bcf20393b8
  AssistantKit: 7dd40c019e9a06e93555ed58498a2d212fcb408d
  CRuntime: d241c1ed31e585333fcf6226b639d043ec7b6b37
  DarkMagic: ccb2f3da6cd0b07b96cd44b3033d998dd6a8cddd
  DynamicColor: bf19b33fe404c59a68e64af95cc6b017346e7e75
  Layman: 2f1c7117234707ed19c5460b32ba8edbc70d97a7
  Nuke: 392eff7cb037adbec6699febe9237849ac5dcc47
  Runtime: f767872e56015ec545d2eb2f016ac35329821458
  RuntimeExtensions: 71a3b436fa3cdc1cf9bd5624a5c74c8a77f7ee3c
  Swiftest: 408f5c420196665271cf1cf2a81b6cb1839998c1
  UIFontIcons: 1119f75d4545e2aed3a4434fcde000716f14cf4a
  UIFontLoader: df06440b24c51384676dc9ec54aecc3aff5a7a97
  UIKitBase: 1fc332f95ab0e0552dde9c5cdc52d8fe49888257
  UIKitExtensions: 60898001f5af87877442bae61a3b8cb1423d27d1
  UIKitMixinable: 45594c9f6a1a5c53d3b9e4e87c4f9a3fd9afa329
  UIKitTheme: 6b18b1b48684f983b22dd39077ee61ddec7832e3

PODFILE CHECKSUM: 4bcb8d2c8984283bd5e46e359d1e3d7f1e29f423

COCOAPODS: 1.5.3
